
Microsoft Visual Studio Solution File, Format Version 12.00
# Visual Studio Version 18
VisualStudioVersion = 18.7.11925.98
MinimumVisualStudioVersion = 10.0.40219.1
Project("{2150E333-8FDC-42A3-9474-1A3956D46DE8}") = "src", "src", "{827E0CD3-B72D-47B6-A68D-7590B98EB39B}"
EndProject
Project("{2150E333-8FDC-42A3-9474-1A3956D46DE8}") = "services", "services", "{984BB9B3-3FA3-BE33-9484-CAC21695A33C}"
EndProject
Project("{2150E333-8FDC-42A3-9474-1A3956D46DE8}") = "course-authoring", "course-authoring", "{51DBC901-42F6-1E5B-8AF0-A5745B1EE8F7}"
EndProject
Project("{FAE04EC0-301F-11D3-BF4B-00C04F79EFBC}") = "CourseAuthoring.Domain", "src\services\course-authoring\CourseAuthoring.Domain\CourseAuthoring.Domain.csproj", "{13612CCC-B465-4588-9348-123BBFC8BC33}"
EndProject
Project("{2150E333-8FDC-42A3-9474-1A3956D46DE8}") = "tests", "tests", "{0AB3BF05-4346-4AA6-1389-037BE0695223}"
EndProject
Project("{2150E333-8FDC-42A3-9474-1A3956D46DE8}") = "course-authoring", "course-authoring", "{05038E7D-7AE4-A208-2FFB-F526508B48A8}"
EndProject
Project("{FAE04EC0-301F-11D3-BF4B-00C04F79EFBC}") = "CourseAuthoring.Domain.Tests", "tests\course-authoring\CourseAuthoring.Domain.Tests\CourseAuthoring.Domain.Tests.csproj", "{B6AFA57F-A963-4F00-8C56-4D0835E635D4}"
EndProject
Project("{FAE04EC0-301F-11D3-BF4B-00C04F79EFBC}") = "CourseAuthoring.Application", "src\services\course-authoring\CourseAuthoring.Application\CourseAuthoring.Application.csproj", "{57034940-9E97-4E23-A21D-C9CF074CE286}"
EndProject
Project("{FAE04EC0-301F-11D3-BF4B-00C04F79EFBC}") = "CourseAuthoring.Infrastructure", "src\services\course-authoring\CourseAuthoring.Infrastructure\CourseAuthoring.Infrastructure.csproj", "{F24C4459-71BD-4D6B-B282-EC6BF9025C82}"
EndProject
Project("{FAE04EC0-301F-11D3-BF4B-00C04F79EFBC}") = "CourseAuthoring.Api", "src\services\course-authoring\CourseAuthoring.Api\CourseAuthoring.Api.csproj", "{01071BAD-AAE7-4E9F-BDF6-182DB39A1B41}"
EndProject
Project("{FAE04EC0-301F-11D3-BF4B-00C04F79EFBC}") = "CourseAuthoring.Integration.Tests", "tests\course-authoring\CourseAuthoring.Integration.Tests\CourseAuthoring.Integration.Tests.csproj", "{5F2BAD38-F132-4A57-BCDB-6D99D4142DB8}"
EndProject
Project("{FAE04EC0-301F-11D3-BF4B-00C04F79EFBC}") = "CourseAuthoring.Application.Tests", "tests\course-authoring\CourseAuthoring.Application.Tests\CourseAuthoring.Application.Tests.csproj", "{676F60C8-5461-4B10-BEAE-AE64E8B718CE}"
EndProject
Project("{2150E333-8FDC-42A3-9474-1A3956D46DE8}") = "enrollment", "enrollment", "{DA0821AE-E6EB-37CD-4B7A-8936146B7071}"
EndProject
Project("{FAE04EC0-301F-11D3-BF4B-00C04F79EFBC}") = "Enrollments.Domain", "src\services\enrollment\Enrollments.Domain\Enrollments.Domain.csproj", "{969A79F4-BE27-4FC8-B66F-8AAB635E89D3}"
EndProject
Project("{FAE04EC0-301F-11D3-BF4B-00C04F79EFBC}") = "Enrollments.Application", "src\services\enrollment\Enrollments.Application\Enrollments.Application.csproj", "{86857EB9-703A-40CC-9181-11054A6EF29E}"
EndProject
Project("{FAE04EC0-301F-11D3-BF4B-00C04F79EFBC}") = "Enrollments.Infrastructure", "src\services\enrollment\Enrollments.Infrastructure\Enrollments.Infrastructure.csproj", "{6E9235A0-543C-411A-9FFB-D46B05A6A375}"
EndProject
Project("{FAE04EC0-301F-11D3-BF4B-00C04F79EFBC}") = "Enrollments.Api", "src\services\enrollment\Enrollments.Api\Enrollments.Api.csproj", "{07B11A4E-ECA0-4AA0-A145-28957078E9B8}"
EndProject
Project("{2150E333-8FDC-42A3-9474-1A3956D46DE8}") = "enrollment", "enrollment", "{51C33D68-FB2D-9BDF-B97B-DDC4FA8F7649}"
EndProject
Project("{FAE04EC0-301F-11D3-BF4B-00C04F79EFBC}") = "Enrollments.Domain.Tests", "tests\enrollment\Enrollments.Domain.Tests\Enrollments.Domain.Tests.csproj", "{30A38924-0ED3-4584-8C7A-EE86D17B7500}"
EndProject
Project("{FAE04EC0-301F-11D3-BF4B-00C04F79EFBC}") = "Enrollments.Application.Tests", "tests\enrollment\Enrollments.Application.Tests\Enrollments.Application.Tests.csproj", "{FD008F04-3A2E-450A-9233-83B83808034A}"
EndProject
Project("{FAE04EC0-301F-11D3-BF4B-00C04F79EFBC}") = "Enrollments.Integration.Tests", "tests\enrollment\Enrollments.Integration.Tests\Enrollments.Integration.Tests.csproj", "{5B681A08-E267-4D19-9A38-4E804160D60E}"
EndProject
Project("{2150E333-8FDC-42A3-9474-1A3956D46DE8}") = "learning", "learning", "{6040D727-11D8-0763-249E-D5DF7753C256}"
EndProject
Project("{FAE04EC0-301F-11D3-BF4B-00C04F79EFBC}") = "Learning.Domain", "src\services\learning\Learning.Domain\Learning.Domain.csproj", "{5B8D90D4-ED6C-4DD9-9D41-55A6BBD4B98A}"
EndProject
Project("{FAE04EC0-301F-11D3-BF4B-00C04F79EFBC}") = "Learning.Application", "src\services\learning\Learning.Application\Learning.Application.csproj", "{8B676F07-EF2B-4718-B50E-4B20D9B7A079}"
EndProject
Project("{FAE04EC0-301F-11D3-BF4B-00C04F79EFBC}") = "Learning.Infrastructure", "src\services\learning\Learning.Infrastructure\Learning.Infrastructure.csproj", "{E4C2C8DF-275C-4199-BD4A-FB22F1C31F6C}"
EndProject
Project("{FAE04EC0-301F-11D3-BF4B-00C04F79EFBC}") = "Learning.Api", "src\services\learning\Learning.Api\Learning.Api.csproj", "{6BBDAF1F-4541-419F-83AD-115BA35515DE}"
EndProject
Project("{2150E333-8FDC-42A3-9474-1A3956D46DE8}") = "learning", "learning", "{7506CA77-8208-F04B-79DC-FCA4EA9DA912}"
EndProject
Project("{FAE04EC0-301F-11D3-BF4B-00C04F79EFBC}") = "Learning.Domain.Tests", "tests\learning\Learning.Domain.Tests\Learning.Domain.Tests.csproj", "{664CA58A-ACAB-4FFC-A18C-2A7FF6876F2F}"
EndProject
Project("{FAE04EC0-301F-11D3-BF4B-00C04F79EFBC}") = "Learning.Application.Tests", "tests\learning\Learning.Application.Tests\Learning.Application.Tests.csproj", "{76D7135B-D50E-4CA0-8E8C-AD49E0E74F98}"
EndProject
Project("{FAE04EC0-301F-11D3-BF4B-00C04F79EFBC}") = "Learning.Integration.Tests", "tests\learning\Learning.Integration.Tests\Learning.Integration.Tests.csproj", "{2B12FC14-7850-42A3-B13E-C58211A58618}"
EndProject
Project("{FAE04EC0-301F-11D3-BF4B-00C04F79EFBC}") = "Enrollments.Contracts", "src\services\enrollment\Enrollments.Contracts\Enrollments.Contracts.csproj", "{A8E26051-25EA-4F2E-981C-D3163E243B0E}"
EndProject
Project("{2150E333-8FDC-42A3-9474-1A3956D46DE8}") = "building-blocks", "building-blocks", "{C13E73B6-616D-3195-CD22-1E55A7D1F969}"
EndProject
Project("{FAE04EC0-301F-11D3-BF4B-00C04F79EFBC}") = "BuildingBlocks.Messaging", "src\building-blocks\BuildingBlocks.Messaging\BuildingBlocks.Messaging.csproj", "{81ADD989-FF51-490F-B726-2547BF95CFEF}"
EndProject
Project("{FAE04EC0-301F-11D3-BF4B-00C04F79EFBC}") = "Learning.Contracts", "src\services\learning\Learning.Contracts\Learning.Contracts.csproj", "{567E2AA1-16A1-437B-855E-ECC9ADE17049}"
EndProject
Project("{2150E333-8FDC-42A3-9474-1A3956D46DE8}") = "certification", "certification", "{97A61F50-477F-E0D9-3B49-7788D7707406}"
EndProject
Project("{FAE04EC0-301F-11D3-BF4B-00C04F79EFBC}") = "Certification.Domain", "src\services\certification\Certification.Domain\Certification.Domain.csproj", "{38B1A830-DEF3-43C0-9CD7-F5CF2F348CC9}"
EndProject
Project("{FAE04EC0-301F-11D3-BF4B-00C04F79EFBC}") = "Certification.Application", "src\services\certification\Certification.Application\Certification.Application.csproj", "{42D94D46-687F-4AA0-BE9A-5621F1C9C014}"
EndProject
Project("{FAE04EC0-301F-11D3-BF4B-00C04F79EFBC}") = "Certification.Infrastructure", "src\services\certification\Certification.Infrastructure\Certification.Infrastructure.csproj", "{79F405DB-FD2E-4854-A131-2725A4CAB132}"
EndProject
Project("{FAE04EC0-301F-11D3-BF4B-00C04F79EFBC}") = "Certification.Api", "src\services\certification\Certification.Api\Certification.Api.csproj", "{162446C5-D024-4CEF-A723-6A9C118DC51B}"
EndProject
Project("{2150E333-8FDC-42A3-9474-1A3956D46DE8}") = "bff", "bff", "{019C950E-A97A-051D-A5FC-61C3B8C8F235}"
EndProject
Project("{FAE04EC0-301F-11D3-BF4B-00C04F79EFBC}") = "BffComposition.Api", "src\bff\BffComposition.Api\BffComposition.Api.csproj", "{C1C75274-3ECE-49E6-994E-6073D91C0EC8}"
EndProject
Project("{2150E333-8FDC-42A3-9474-1A3956D46DE8}") = "paid-enrollment", "paid-enrollment", "{46BD22FF-D958-015A-7F5B-8BE19B85700B}"
EndProject
Project("{FAE04EC0-301F-11D3-BF4B-00C04F79EFBC}") = "PaidEnrollment.Contracts", "src\services\paid-enrollment\PaidEnrollment.Contracts\PaidEnrollment.Contracts.csproj", "{AF83385E-4154-46A6-98A8-F6459E88FFCD}"
EndProject
Project("{2150E333-8FDC-42A3-9474-1A3956D46DE8}") = "payment-provider-sim", "payment-provider-sim", "{8D17ABB4-844D-D775-A156-AA3C589CD6E3}"
EndProject
Project("{FAE04EC0-301F-11D3-BF4B-00C04F79EFBC}") = "PaymentProviderSim.Contracts", "src\services\payment-provider-sim\PaymentProviderSim.Contracts\PaymentProviderSim.Contracts.csproj", "{BE75659C-8550-4406-8852-88EEA6ADE703}"
EndProject
Project("{FAE04EC0-301F-11D3-BF4B-00C04F79EFBC}") = "PaymentProviderSim.Worker", "src\services\payment-provider-sim\PaymentProviderSim.Worker\PaymentProviderSim.Worker.csproj", "{DA183649-268D-4C6C-A1C3-5C5E7B6548CC}"
EndProject
Project("{FAE04EC0-301F-11D3-BF4B-00C04F79EFBC}") = "PaidEnrollment.Domain", "src\services\paid-enrollment\PaidEnrollment.Domain\PaidEnrollment.Domain.csproj", "{697EE892-18AB-4674-813F-E28514B8E1C1}"
EndProject
Project("{FAE04EC0-301F-11D3-BF4B-00C04F79EFBC}") = "PaidEnrollment.Application", "src\services\paid-enrollment\PaidEnrollment.Application\PaidEnrollment.Application.csproj", "{2DA05EDA-91B3-41C5-8950-DA8BE0D76869}"
EndProject
Project("{FAE04EC0-301F-11D3-BF4B-00C04F79EFBC}") = "PaidEnrollment.Infrastructure", "src\services\paid-enrollment\PaidEnrollment.Infrastructure\PaidEnrollment.Infrastructure.csproj", "{F3C4D785-A567-4AAE-A500-85D12EF2C8B9}"
EndProject
Project("{FAE04EC0-301F-11D3-BF4B-00C04F79EFBC}") = "PaidEnrollment.Api", "src\services\paid-enrollment\PaidEnrollment.Api\PaidEnrollment.Api.csproj", "{B2FB7F0A-BC76-4B1E-8CE4-73CC11DD403D}"
EndProject
Global
	GlobalSection(SolutionConfigurationPlatforms) = preSolution
		Debug|Any CPU = Debug|Any CPU
		Debug|x64 = Debug|x64
		Debug|x86 = Debug|x86
		Release|Any CPU = Release|Any CPU
		Release|x64 = Release|x64
		Release|x86 = Release|x86
	EndGlobalSection
	GlobalSection(ProjectConfigurationPlatforms) = postSolution
		{13612CCC-B465-4588-9348-123BBFC8BC33}.Debug|Any CPU.ActiveCfg = Debug|Any CPU
		{13612CCC-B465-4588-9348-123BBFC8BC33}.Debug|Any CPU.Build.0 = Debug|Any CPU
		{13612CCC-B465-4588-9348-123BBFC8BC33}.Debug|x64.ActiveCfg = Debug|Any CPU
		{13612CCC-B465-4588-9348-123BBFC8BC33}.Debug|x64.Build.0 = Debug|Any CPU
		{13612CCC-B465-4588-9348-123BBFC8BC33}.Debug|x86.ActiveCfg = Debug|Any CPU
		{13612CCC-B465-4588-9348-123BBFC8BC33}.Debug|x86.Build.0 = Debug|Any CPU
		{13612CCC-B465-4588-9348-123BBFC8BC33}.Release|Any CPU.ActiveCfg = Release|Any CPU
		{13612CCC-B465-4588-9348-123BBFC8BC33}.Release|Any CPU.Build.0 = Release|Any CPU
		{13612CCC-B465-4588-9348-123BBFC8BC33}.Release|x64.ActiveCfg = Release|Any CPU
		{13612CCC-B465-4588-9348-123BBFC8BC33}.Release|x64.Build.0 = Release|Any CPU
		{13612CCC-B465-4588-9348-123BBFC8BC33}.Release|x86.ActiveCfg = Release|Any CPU
		{13612CCC-B465-4588-9348-123BBFC8BC33}.Release|x86.Build.0 = Release|Any CPU
		{B6AFA57F-A963-4F00-8C56-4D0835E635D4}.Debug|Any CPU.ActiveCfg = Debug|Any CPU
		{B6AFA57F-A963-4F00-8C56-4D0835E635D4}.Debug|Any CPU.Build.0 = Debug|Any CPU
		{B6AFA57F-A963-4F00-8C56-4D0835E635D4}.Debug|x64.ActiveCfg = Debug|Any CPU
		{B6AFA57F-A963-4F00-8C56-4D0835E635D4}.Debug|x64.Build.0 = Debug|Any CPU
		{B6AFA57F-A963-4F00-8C56-4D0835E635D4}.Debug|x86.ActiveCfg = Debug|Any CPU
		{B6AFA57F-A963-4F00-8C56-4D0835E635D4}.Debug|x86.Build.0 = Debug|Any CPU
		{B6AFA57F-A963-4F00-8C56-4D0835E635D4}.Release|Any CPU.ActiveCfg = Release|Any CPU
		{B6AFA57F-A963-4F00-8C56-4D0835E635D4}.Release|Any CPU.Build.0 = Release|Any CPU
		{B6AFA57F-A963-4F00-8C56-4D0835E635D4}.Release|x64.ActiveCfg = Release|Any CPU
		{B6AFA57F-A963-4F00-8C56-4D0835E635D4}.Release|x64.Build.0 = Release|Any CPU
		{B6AFA57F-A963-4F00-8C56-4D0835E635D4}.Release|x86.ActiveCfg = Release|Any CPU
		{B6AFA57F-A963-4F00-8C56-4D0835E635D4}.Release|x86.Build.0 = Release|Any CPU
		{57034940-9E97-4E23-A21D-C9CF074CE286}.Debug|Any CPU.ActiveCfg = Debug|Any CPU
		{57034940-9E97-4E23-A21D-C9CF074CE286}.Debug|Any CPU.Build.0 = Debug|Any CPU
		{57034940-9E97-4E23-A21D-C9CF074CE286}.Debug|x64.ActiveCfg = Debug|Any CPU
		{57034940-9E97-4E23-A21D-C9CF074CE286}.Debug|x64.Build.0 = Debug|Any CPU
		{57034940-9E97-4E23-A21D-C9CF074CE286}.Debug|x86.ActiveCfg = Debug|Any CPU
		{57034940-9E97-4E23-A21D-C9CF074CE286}.Debug|x86.Build.0 = Debug|Any CPU
		{57034940-9E97-4E23-A21D-C9CF074CE286}.Release|Any CPU.ActiveCfg = Release|Any CPU
		{57034940-9E97-4E23-A21D-C9CF074CE286}.Release|Any CPU.Build.0 = Release|Any CPU
		{57034940-9E97-4E23-A21D-C9CF074CE286}.Release|x64.ActiveCfg = Release|Any CPU
		{57034940-9E97-4E23-A21D-C9CF074CE286}.Release|x64.Build.0 = Release|Any CPU
		{57034940-9E97-4E23-A21D-C9CF074CE286}.Release|x86.ActiveCfg = Release|Any CPU
		{57034940-9E97-4E23-A21D-C9CF074CE286}.Release|x86.Build.0 = Release|Any CPU
		{F24C4459-71BD-4D6B-B282-EC6BF9025C82}.Debug|Any CPU.ActiveCfg = Debug|Any CPU
		{F24C4459-71BD-4D6B-B282-EC6BF9025C82}.Debug|Any CPU.Build.0 = Debug|Any CPU
		{F24C4459-71BD-4D6B-B282-EC6BF9025C82}.Debug|x64.ActiveCfg = Debug|Any CPU
		{F24C4459-71BD-4D6B-B282-EC6BF9025C82}.Debug|x64.Build.0 = Debug|Any CPU
		{F24C4459-71BD-4D6B-B282-EC6BF9025C82}.Debug|x86.ActiveCfg = Debug|Any CPU
		{F24C4459-71BD-4D6B-B282-EC6BF9025C82}.Debug|x86.Build.0 = Debug|Any CPU
		{F24C4459-71BD-4D6B-B282-EC6BF9025C82}.Release|Any CPU.ActiveCfg = Release|Any CPU
		{F24C4459-71BD-4D6B-B282-EC6BF9025C82}.Release|Any CPU.Build.0 = Release|Any CPU
		{F24C4459-71BD-4D6B-B282-EC6BF9025C82}.Release|x64.ActiveCfg = Release|Any CPU
		{F24C4459-71BD-4D6B-B282-EC6BF9025C82}.Release|x64.Build.0 = Release|Any CPU
		{F24C4459-71BD-4D6B-B282-EC6BF9025C82}.Release|x86.ActiveCfg = Release|Any CPU
		{F24C4459-71BD-4D6B-B282-EC6BF9025C82}.Release|x86.Build.0 = Release|Any CPU
		{01071BAD-AAE7-4E9F-BDF6-182DB39A1B41}.Debug|Any CPU.ActiveCfg = Debug|Any CPU
		{01071BAD-AAE7-4E9F-BDF6-182DB39A1B41}.Debug|Any CPU.Build.0 = Debug|Any CPU
		{01071BAD-AAE7-4E9F-BDF6-182DB39A1B41}.Debug|x64.ActiveCfg = Debug|Any CPU
		{01071BAD-AAE7-4E9F-BDF6-182DB39A1B41}.Debug|x64.Build.0 = Debug|Any CPU
		{01071BAD-AAE7-4E9F-BDF6-182DB39A1B41}.Debug|x86.ActiveCfg = Debug|Any CPU
		{01071BAD-AAE7-4E9F-BDF6-182DB39A1B41}.Debug|x86.Build.0 = Debug|Any CPU
		{01071BAD-AAE7-4E9F-BDF6-182DB39A1B41}.Release|Any CPU.ActiveCfg = Release|Any CPU
		{01071BAD-AAE7-4E9F-BDF6-182DB39A1B41}.Release|Any CPU.Build.0 = Release|Any CPU
		{01071BAD-AAE7-4E9F-BDF6-182DB39A1B41}.Release|x64.ActiveCfg = Release|Any CPU
		{01071BAD-AAE7-4E9F-BDF6-182DB39A1B41}.Release|x64.Build.0 = Release|Any CPU
		{01071BAD-AAE7-4E9F-BDF6-182DB39A1B41}.Release|x86.ActiveCfg = Release|Any CPU
		{01071BAD-AAE7-4E9F-BDF6-182DB39A1B41}.Release|x86.Build.0 = Release|Any CPU
		{5F2BAD38-F132-4A57-BCDB-6D99D4142DB8}.Debug|Any CPU.ActiveCfg = Debug|Any CPU
		{5F2BAD38-F132-4A57-BCDB-6D99D4142DB8}.Debug|Any CPU.Build.0 = Debug|Any CPU
		{5F2BAD38-F132-4A57-BCDB-6D99D4142DB8}.Debug|x64.ActiveCfg = Debug|Any CPU
		{5F2BAD38-F132-4A57-BCDB-6D99D4142DB8}.Debug|x64.Build.0 = Debug|Any CPU
		{5F2BAD38-F132-4A57-BCDB-6D99D4142DB8}.Debug|x86.ActiveCfg = Debug|Any CPU
		{5F2BAD38-F132-4A57-BCDB-6D99D4142DB8}.Debug|x86.Build.0 = Debug|Any CPU
		{5F2BAD38-F132-4A57-BCDB-6D99D4142DB8}.Release|Any CPU.ActiveCfg = Release|Any CPU
		{5F2BAD38-F132-4A57-BCDB-6D99D4142DB8}.Release|Any CPU.Build.0 = Release|Any CPU
		{5F2BAD38-F132-4A57-BCDB-6D99D4142DB8}.Release|x64.ActiveCfg = Release|Any CPU
		{5F2BAD38-F132-4A57-BCDB-6D99D4142DB8}.Release|x64.Build.0 = Release|Any CPU
		{5F2BAD38-F132-4A57-BCDB-6D99D4142DB8}.Release|x86.ActiveCfg = Release|Any CPU
		{5F2BAD38-F132-4A57-BCDB-6D99D4142DB8}.Release|x86.Build.0 = Release|Any CPU
		{676F60C8-5461-4B10-BEAE-AE64E8B718CE}.Debug|Any CPU.ActiveCfg = Debug|Any CPU
		{676F60C8-5461-4B10-BEAE-AE64E8B718CE}.Debug|Any CPU.Build.0 = Debug|Any CPU
		{676F60C8-5461-4B10-BEAE-AE64E8B718CE}.Debug|x64.ActiveCfg = Debug|Any CPU
		{676F60C8-5461-4B10-BEAE-AE64E8B718CE}.Debug|x64.Build.0 = Debug|Any CPU
		{676F60C8-5461-4B10-BEAE-AE64E8B718CE}.Debug|x86.ActiveCfg = Debug|Any CPU
		{676F60C8-5461-4B10-BEAE-AE64E8B718CE}.Debug|x86.Build.0 = Debug|Any CPU
		{676F60C8-5461-4B10-BEAE-AE64E8B718CE}.Release|Any CPU.ActiveCfg = Release|Any CPU
		{676F60C8-5461-4B10-BEAE-AE64E8B718CE}.Release|Any CPU.Build.0 = Release|Any CPU
		{676F60C8-5461-4B10-BEAE-AE64E8B718CE}.Release|x64.ActiveCfg = Release|Any CPU
		{676F60C8-5461-4B10-BEAE-AE64E8B718CE}.Release|x64.Build.0 = Release|Any CPU
		{676F60C8-5461-4B10-BEAE-AE64E8B718CE}.Release|x86.ActiveCfg = Release|Any CPU
		{676F60C8-5461-4B10-BEAE-AE64E8B718CE}.Release|x86.Build.0 = Release|Any CPU
		{969A79F4-BE27-4FC8-B66F-8AAB635E89D3}.Debug|Any CPU.ActiveCfg = Debug|Any CPU
		{969A79F4-BE27-4FC8-B66F-8AAB635E89D3}.Debug|Any CPU.Build.0 = Debug|Any CPU
		{969A79F4-BE27-4FC8-B66F-8AAB635E89D3}.Debug|x64.ActiveCfg = Debug|Any CPU
		{969A79F4-BE27-4FC8-B66F-8AAB635E89D3}.Debug|x64.Build.0 = Debug|Any CPU
		{969A79F4-BE27-4FC8-B66F-8AAB635E89D3}.Debug|x86.ActiveCfg = Debug|Any CPU
		{969A79F4-BE27-4FC8-B66F-8AAB635E89D3}.Debug|x86.Build.0 = Debug|Any CPU
		{969A79F4-BE27-4FC8-B66F-8AAB635E89D3}.Release|Any CPU.ActiveCfg = Release|Any CPU
		{969A79F4-BE27-4FC8-B66F-8AAB635E89D3}.Release|Any CPU.Build.0 = Release|Any CPU
		{969A79F4-BE27-4FC8-B66F-8AAB635E89D3}.Release|x64.ActiveCfg = Release|Any CPU
		{969A79F4-BE27-4FC8-B66F-8AAB635E89D3}.Release|x64.Build.0 = Release|Any CPU
		{969A79F4-BE27-4FC8-B66F-8AAB635E89D3}.Release|x86.ActiveCfg = Release|Any CPU
		{969A79F4-BE27-4FC8-B66F-8AAB635E89D3}.Release|x86.Build.0 = Release|Any CPU
		{86857EB9-703A-40CC-9181-11054A6EF29E}.Debug|Any CPU.ActiveCfg = Debug|Any CPU
		{86857EB9-703A-40CC-9181-11054A6EF29E}.Debug|Any CPU.Build.0 = Debug|Any CPU
		{86857EB9-703A-40CC-9181-11054A6EF29E}.Debug|x64.ActiveCfg = Debug|Any CPU
		{86857EB9-703A-40CC-9181-11054A6EF29E}.Debug|x64.Build.0 = Debug|Any CPU
		{86857EB9-703A-40CC-9181-11054A6EF29E}.Debug|x86.ActiveCfg = Debug|Any CPU
		{86857EB9-703A-40CC-9181-11054A6EF29E}.Debug|x86.Build.0 = Debug|Any CPU
		{86857EB9-703A-40CC-9181-11054A6EF29E}.Release|Any CPU.ActiveCfg = Release|Any CPU
		{86857EB9-703A-40CC-9181-11054A6EF29E}.Release|Any CPU.Build.0 = Release|Any CPU
		{86857EB9-703A-40CC-9181-11054A6EF29E}.Release|x64.ActiveCfg = Release|Any CPU
		{86857EB9-703A-40CC-9181-11054A6EF29E}.Release|x64.Build.0 = Release|Any CPU
		{86857EB9-703A-40CC-9181-11054A6EF29E}.Release|x86.ActiveCfg = Release|Any CPU
		{86857EB9-703A-40CC-9181-11054A6EF29E}.Release|x86.Build.0 = Release|Any CPU
		{6E9235A0-543C-411A-9FFB-D46B05A6A375}.Debug|Any CPU.ActiveCfg = Debug|Any CPU
		{6E9235A0-543C-411A-9FFB-D46B05A6A375}.Debug|Any CPU.Build.0 = Debug|Any CPU
		{6E9235A0-543C-411A-9FFB-D46B05A6A375}.Debug|x64.ActiveCfg = Debug|Any CPU
		{6E9235A0-543C-411A-9FFB-D46B05A6A375}.Debug|x64.Build.0 = Debug|Any CPU
		{6E9235A0-543C-411A-9FFB-D46B05A6A375}.Debug|x86.ActiveCfg = Debug|Any CPU
		{6E9235A0-543C-411A-9FFB-D46B05A6A375}.Debug|x86.Build.0 = Debug|Any CPU
		{6E9235A0-543C-411A-9FFB-D46B05A6A375}.Release|Any CPU.ActiveCfg = Release|Any CPU
		{6E9235A0-543C-411A-9FFB-D46B05A6A375}.Release|Any CPU.Build.0 = Release|Any CPU
		{6E9235A0-543C-411A-9FFB-D46B05A6A375}.Release|x64.ActiveCfg = Release|Any CPU
		{6E9235A0-543C-411A-9FFB-D46B05A6A375}.Release|x64.Build.0 = Release|Any CPU
		{6E9235A0-543C-411A-9FFB-D46B05A6A375}.Release|x86.ActiveCfg = Release|Any CPU
		{6E9235A0-543C-411A-9FFB-D46B05A6A375}.Release|x86.Build.0 = Release|Any CPU
		{07B11A4E-ECA0-4AA0-A145-28957078E9B8}.Debug|Any CPU.ActiveCfg = Debug|Any CPU
		{07B11A4E-ECA0-4AA0-A145-28957078E9B8}.Debug|Any CPU.Build.0 = Debug|Any CPU
		{07B11A4E-ECA0-4AA0-A145-28957078E9B8}.Debug|x64.ActiveCfg = Debug|Any CPU
		{07B11A4E-ECA0-4AA0-A145-28957078E9B8}.Debug|x64.Build.0 = Debug|Any CPU
		{07B11A4E-ECA0-4AA0-A145-28957078E9B8}.Debug|x86.ActiveCfg = Debug|Any CPU
		{07B11A4E-ECA0-4AA0-A145-28957078E9B8}.Debug|x86.Build.0 = Debug|Any CPU
		{07B11A4E-ECA0-4AA0-A145-28957078E9B8}.Release|Any CPU.ActiveCfg = Release|Any CPU
		{07B11A4E-ECA0-4AA0-A145-28957078E9B8}.Release|Any CPU.Build.0 = Release|Any CPU
		{07B11A4E-ECA0-4AA0-A145-28957078E9B8}.Release|x64.ActiveCfg = Release|Any CPU
		{07B11A4E-ECA0-4AA0-A145-28957078E9B8}.Release|x64.Build.0 = Release|Any CPU
		{07B11A4E-ECA0-4AA0-A145-28957078E9B8}.Release|x86.ActiveCfg = Release|Any CPU
		{07B11A4E-ECA0-4AA0-A145-28957078E9B8}.Release|x86.Build.0 = Release|Any CPU
		{30A38924-0ED3-4584-8C7A-EE86D17B7500}.Debug|Any CPU.ActiveCfg = Debug|Any CPU
		{30A38924-0ED3-4584-8C7A-EE86D17B7500}.Debug|Any CPU.Build.0 = Debug|Any CPU
		{30A38924-0ED3-4584-8C7A-EE86D17B7500}.Debug|x64.ActiveCfg = Debug|Any CPU
		{30A38924-0ED3-4584-8C7A-EE86D17B7500}.Debug|x64.Build.0 = Debug|Any CPU
		{30A38924-0ED3-4584-8C7A-EE86D17B7500}.Debug|x86.ActiveCfg = Debug|Any CPU
		{30A38924-0ED3-4584-8C7A-EE86D17B7500}.Debug|x86.Build.0 = Debug|Any CPU
		{30A38924-0ED3-4584-8C7A-EE86D17B7500}.Release|Any CPU.ActiveCfg = Release|Any CPU
		{30A38924-0ED3-4584-8C7A-EE86D17B7500}.Release|Any CPU.Build.0 = Release|Any CPU
		{30A38924-0ED3-4584-8C7A-EE86D17B7500}.Release|x64.ActiveCfg = Release|Any CPU
		{30A38924-0ED3-4584-8C7A-EE86D17B7500}.Release|x64.Build.0 = Release|Any CPU
		{30A38924-0ED3-4584-8C7A-EE86D17B7500}.Release|x86.ActiveCfg = Release|Any CPU
		{30A38924-0ED3-4584-8C7A-EE86D17B7500}.Release|x86.Build.0 = Release|Any CPU
		{FD008F04-3A2E-450A-9233-83B83808034A}.Debug|Any CPU.ActiveCfg = Debug|Any CPU
		{FD008F04-3A2E-450A-9233-83B83808034A}.Debug|Any CPU.Build.0 = Debug|Any CPU
		{FD008F04-3A2E-450A-9233-83B83808034A}.Debug|x64.ActiveCfg = Debug|Any CPU
		{FD008F04-3A2E-450A-9233-83B83808034A}.Debug|x64.Build.0 = Debug|Any CPU
		{FD008F04-3A2E-450A-9233-83B83808034A}.Debug|x86.ActiveCfg = Debug|Any CPU
		{FD008F04-3A2E-450A-9233-83B83808034A}.Debug|x86.Build.0 = Debug|Any CPU
		{FD008F04-3A2E-450A-9233-83B83808034A}.Release|Any CPU.ActiveCfg = Release|Any CPU
		{FD008F04-3A2E-450A-9233-83B83808034A}.Release|Any CPU.Build.0 = Release|Any CPU
		{FD008F04-3A2E-450A-9233-83B83808034A}.Release|x64.ActiveCfg = Release|Any CPU
		{FD008F04-3A2E-450A-9233-83B83808034A}.Release|x64.Build.0 = Release|Any CPU
		{FD008F04-3A2E-450A-9233-83B83808034A}.Release|x86.ActiveCfg = Release|Any CPU
		{FD008F04-3A2E-450A-9233-83B83808034A}.Release|x86.Build.0 = Release|Any CPU
		{5B681A08-E267-4D19-9A38-4E804160D60E}.Debug|Any CPU.ActiveCfg = Debug|Any CPU
		{5B681A08-E267-4D19-9A38-4E804160D60E}.Debug|Any CPU.Build.0 = Debug|Any CPU
		{5B681A08-E267-4D19-9A38-4E804160D60E}.Debug|x64.ActiveCfg = Debug|Any CPU
		{5B681A08-E267-4D19-9A38-4E804160D60E}.Debug|x64.Build.0 = Debug|Any CPU
		{5B681A08-E267-4D19-9A38-4E804160D60E}.Debug|x86.ActiveCfg = Debug|Any CPU
		{5B681A08-E267-4D19-9A38-4E804160D60E}.Debug|x86.Build.0 = Debug|Any CPU
		{5B681A08-E267-4D19-9A38-4E804160D60E}.Release|Any CPU.ActiveCfg = Release|Any CPU
		{5B681A08-E267-4D19-9A38-4E804160D60E}.Release|Any CPU.Build.0 = Release|Any CPU
		{5B681A08-E267-4D19-9A38-4E804160D60E}.Release|x64.ActiveCfg = Release|Any CPU
		{5B681A08-E267-4D19-9A38-4E804160D60E}.Release|x64.Build.0 = Release|Any CPU
		{5B681A08-E267-4D19-9A38-4E804160D60E}.Release|x86.ActiveCfg = Release|Any CPU
		{5B681A08-E267-4D19-9A38-4E804160D60E}.Release|x86.Build.0 = Release|Any CPU
		{5B8D90D4-ED6C-4DD9-9D41-55A6BBD4B98A}.Debug|Any CPU.ActiveCfg = Debug|Any CPU
		{5B8D90D4-ED6C-4DD9-9D41-55A6BBD4B98A}.Debug|Any CPU.Build.0 = Debug|Any CPU
		{5B8D90D4-ED6C-4DD9-9D41-55A6BBD4B98A}.Debug|x64.ActiveCfg = Debug|Any CPU
		{5B8D90D4-ED6C-4DD9-9D41-55A6BBD4B98A}.Debug|x64.Build.0 = Debug|Any CPU
		{5B8D90D4-ED6C-4DD9-9D41-55A6BBD4B98A}.Debug|x86.ActiveCfg = Debug|Any CPU
		{5B8D90D4-ED6C-4DD9-9D41-55A6BBD4B98A}.Debug|x86.Build.0 = Debug|Any CPU
		{5B8D90D4-ED6C-4DD9-9D41-55A6BBD4B98A}.Release|Any CPU.ActiveCfg = Release|Any CPU
		{5B8D90D4-ED6C-4DD9-9D41-55A6BBD4B98A}.Release|Any CPU.Build.0 = Release|Any CPU
		{5B8D90D4-ED6C-4DD9-9D41-55A6BBD4B98A}.Release|x64.ActiveCfg = Release|Any CPU
		{5B8D90D4-ED6C-4DD9-9D41-55A6BBD4B98A}.Release|x64.Build.0 = Release|Any CPU
		{5B8D90D4-ED6C-4DD9-9D41-55A6BBD4B98A}.Release|x86.ActiveCfg = Release|Any CPU
		{5B8D90D4-ED6C-4DD9-9D41-55A6BBD4B98A}.Release|x86.Build.0 = Release|Any CPU
		{8B676F07-EF2B-4718-B50E-4B20D9B7A079}.Debug|Any CPU.ActiveCfg = Debug|Any CPU
		{8B676F07-EF2B-4718-B50E-4B20D9B7A079}.Debug|Any CPU.Build.0 = Debug|Any CPU
		{8B676F07-EF2B-4718-B50E-4B20D9B7A079}.Debug|x64.ActiveCfg = Debug|Any CPU
		{8B676F07-EF2B-4718-B50E-4B20D9B7A079}.Debug|x64.Build.0 = Debug|Any CPU
		{8B676F07-EF2B-4718-B50E-4B20D9B7A079}.Debug|x86.ActiveCfg = Debug|Any CPU
		{8B676F07-EF2B-4718-B50E-4B20D9B7A079}.Debug|x86.Build.0 = Debug|Any CPU
		{8B676F07-EF2B-4718-B50E-4B20D9B7A079}.Release|Any CPU.ActiveCfg = Release|Any CPU
		{8B676F07-EF2B-4718-B50E-4B20D9B7A079}.Release|Any CPU.Build.0 = Release|Any CPU
		{8B676F07-EF2B-4718-B50E-4B20D9B7A079}.Release|x64.ActiveCfg = Release|Any CPU
		{8B676F07-EF2B-4718-B50E-4B20D9B7A079}.Release|x64.Build.0 = Release|Any CPU
		{8B676F07-EF2B-4718-B50E-4B20D9B7A079}.Release|x86.ActiveCfg = Release|Any CPU
		{8B676F07-EF2B-4718-B50E-4B20D9B7A079}.Release|x86.Build.0 = Release|Any CPU
		{E4C2C8DF-275C-4199-BD4A-FB22F1C31F6C}.Debug|Any CPU.ActiveCfg = Debug|Any CPU
		{E4C2C8DF-275C-4199-BD4A-FB22F1C31F6C}.Debug|Any CPU.Build.0 = Debug|Any CPU
		{E4C2C8DF-275C-4199-BD4A-FB22F1C31F6C}.Debug|x64.ActiveCfg = Debug|Any CPU
		{E4C2C8DF-275C-4199-BD4A-FB22F1C31F6C}.Debug|x64.Build.0 = Debug|Any CPU
		{E4C2C8DF-275C-4199-BD4A-FB22F1C31F6C}.Debug|x86.ActiveCfg = Debug|Any CPU
		{E4C2C8DF-275C-4199-BD4A-FB22F1C31F6C}.Debug|x86.Build.0 = Debug|Any CPU
		{E4C2C8DF-275C-4199-BD4A-FB22F1C31F6C}.Release|Any CPU.ActiveCfg = Release|Any CPU
		{E4C2C8DF-275C-4199-BD4A-FB22F1C31F6C}.Release|Any CPU.Build.0 = Release|Any CPU
		{E4C2C8DF-275C-4199-BD4A-FB22F1C31F6C}.Release|x64.ActiveCfg = Release|Any CPU
		{E4C2C8DF-275C-4199-BD4A-FB22F1C31F6C}.Release|x64.Build.0 = Release|Any CPU
		{E4C2C8DF-275C-4199-BD4A-FB22F1C31F6C}.Release|x86.ActiveCfg = Release|Any CPU
		{E4C2C8DF-275C-4199-BD4A-FB22F1C31F6C}.Release|x86.Build.0 = Release|Any CPU
		{6BBDAF1F-4541-419F-83AD-115BA35515DE}.Debug|Any CPU.ActiveCfg = Debug|Any CPU
		{6BBDAF1F-4541-419F-83AD-115BA35515DE}.Debug|Any CPU.Build.0 = Debug|Any CPU
		{6BBDAF1F-4541-419F-83AD-115BA35515DE}.Debug|x64.ActiveCfg = Debug|Any CPU
		{6BBDAF1F-4541-419F-83AD-115BA35515DE}.Debug|x64.Build.0 = Debug|Any CPU
		{6BBDAF1F-4541-419F-83AD-115BA35515DE}.Debug|x86.ActiveCfg = Debug|Any CPU
		{6BBDAF1F-4541-419F-83AD-115BA35515DE}.Debug|x86.Build.0 = Debug|Any CPU
		{6BBDAF1F-4541-419F-83AD-115BA35515DE}.Release|Any CPU.ActiveCfg = Release|Any CPU
		{6BBDAF1F-4541-419F-83AD-115BA35515DE}.Release|Any CPU.Build.0 = Release|Any CPU
		{6BBDAF1F-4541-419F-83AD-115BA35515DE}.Release|x64.ActiveCfg = Release|Any CPU
		{6BBDAF1F-4541-419F-83AD-115BA35515DE}.Release|x64.Build.0 = Release|Any CPU
		{6BBDAF1F-4541-419F-83AD-115BA35515DE}.Release|x86.ActiveCfg = Release|Any CPU
		{6BBDAF1F-4541-419F-83AD-115BA35515DE}.Release|x86.Build.0 = Release|Any CPU
		{664CA58A-ACAB-4FFC-A18C-2A7FF6876F2F}.Debug|Any CPU.ActiveCfg = Debug|Any CPU
		{664CA58A-ACAB-4FFC-A18C-2A7FF6876F2F}.Debug|Any CPU.Build.0 = Debug|Any CPU
		{664CA58A-ACAB-4FFC-A18C-2A7FF6876F2F}.Debug|x64.ActiveCfg = Debug|Any CPU
		{664CA58A-ACAB-4FFC-A18C-2A7FF6876F2F}.Debug|x64.Build.0 = Debug|Any CPU
		{664CA58A-ACAB-4FFC-A18C-2A7FF6876F2F}.Debug|x86.ActiveCfg = Debug|Any CPU
		{664CA58A-ACAB-4FFC-A18C-2A7FF6876F2F}.Debug|x86.Build.0 = Debug|Any CPU
		{664CA58A-ACAB-4FFC-A18C-2A7FF6876F2F}.Release|Any CPU.ActiveCfg = Release|Any CPU
		{664CA58A-ACAB-4FFC-A18C-2A7FF6876F2F}.Release|Any CPU.Build.0 = Release|Any CPU
		{664CA58A-ACAB-4FFC-A18C-2A7FF6876F2F}.Release|x64.ActiveCfg = Release|Any CPU
		{664CA58A-ACAB-4FFC-A18C-2A7FF6876F2F}.Release|x64.Build.0 = Release|Any CPU
		{664CA58A-ACAB-4FFC-A18C-2A7FF6876F2F}.Release|x86.ActiveCfg = Release|Any CPU
		{664CA58A-ACAB-4FFC-A18C-2A7FF6876F2F}.Release|x86.Build.0 = Release|Any CPU
		{76D7135B-D50E-4CA0-8E8C-AD49E0E74F98}.Debug|Any CPU.ActiveCfg = Debug|Any CPU
		{76D7135B-D50E-4CA0-8E8C-AD49E0E74F98}.Debug|Any CPU.Build.0 = Debug|Any CPU
		{76D7135B-D50E-4CA0-8E8C-AD49E0E74F98}.Debug|x64.ActiveCfg = Debug|Any CPU
		{76D7135B-D50E-4CA0-8E8C-AD49E0E74F98}.Debug|x64.Build.0 = Debug|Any CPU
		{76D7135B-D50E-4CA0-8E8C-AD49E0E74F98}.Debug|x86.ActiveCfg = Debug|Any CPU
		{76D7135B-D50E-4CA0-8E8C-AD49E0E74F98}.Debug|x86.Build.0 = Debug|Any CPU
		{76D7135B-D50E-4CA0-8E8C-AD49E0E74F98}.Release|Any CPU.ActiveCfg = Release|Any CPU
		{76D7135B-D50E-4CA0-8E8C-AD49E0E74F98}.Release|Any CPU.Build.0 = Release|Any CPU
		{76D7135B-D50E-4CA0-8E8C-AD49E0E74F98}.Release|x64.ActiveCfg = Release|Any CPU
		{76D7135B-D50E-4CA0-8E8C-AD49E0E74F98}.Release|x64.Build.0 = Release|Any CPU
		{76D7135B-D50E-4CA0-8E8C-AD49E0E74F98}.Release|x86.ActiveCfg = Release|Any CPU
		{76D7135B-D50E-4CA0-8E8C-AD49E0E74F98}.Release|x86.Build.0 = Release|Any CPU
		{2B12FC14-7850-42A3-B13E-C58211A58618}.Debug|Any CPU.ActiveCfg = Debug|Any CPU
		{2B12FC14-7850-42A3-B13E-C58211A58618}.Debug|Any CPU.Build.0 = Debug|Any CPU
		{2B12FC14-7850-42A3-B13E-C58211A58618}.Debug|x64.ActiveCfg = Debug|Any CPU
		{2B12FC14-7850-42A3-B13E-C58211A58618}.Debug|x64.Build.0 = Debug|Any CPU
		{2B12FC14-7850-42A3-B13E-C58211A58618}.Debug|x86.ActiveCfg = Debug|Any CPU
		{2B12FC14-7850-42A3-B13E-C58211A58618}.Debug|x86.Build.0 = Debug|Any CPU
		{2B12FC14-7850-42A3-B13E-C58211A58618}.Release|Any CPU.ActiveCfg = Release|Any CPU
		{2B12FC14-7850-42A3-B13E-C58211A58618}.Release|Any CPU.Build.0 = Release|Any CPU
		{2B12FC14-7850-42A3-B13E-C58211A58618}.Release|x64.ActiveCfg = Release|Any CPU
		{2B12FC14-7850-42A3-B13E-C58211A58618}.Release|x64.Build.0 = Release|Any CPU
		{2B12FC14-7850-42A3-B13E-C58211A58618}.Release|x86.ActiveCfg = Release|Any CPU
		{2B12FC14-7850-42A3-B13E-C58211A58618}.Release|x86.Build.0 = Release|Any CPU
		{A8E26051-25EA-4F2E-981C-D3163E243B0E}.Debug|Any CPU.ActiveCfg = Debug|Any CPU
		{A8E26051-25EA-4F2E-981C-D3163E243B0E}.Debug|Any CPU.Build.0 = Debug|Any CPU
		{A8E26051-25EA-4F2E-981C-D3163E243B0E}.Debug|x64.ActiveCfg = Debug|Any CPU
		{A8E26051-25EA-4F2E-981C-D3163E243B0E}.Debug|x64.Build.0 = Debug|Any CPU
		{A8E26051-25EA-4F2E-981C-D3163E243B0E}.Debug|x86.ActiveCfg = Debug|Any CPU
		{A8E26051-25EA-4F2E-981C-D3163E243B0E}.Debug|x86.Build.0 = Debug|Any CPU
		{A8E26051-25EA-4F2E-981C-D3163E243B0E}.Release|Any CPU.ActiveCfg = Release|Any CPU
		{A8E26051-25EA-4F2E-981C-D3163E243B0E}.Release|Any CPU.Build.0 = Release|Any CPU
		{A8E26051-25EA-4F2E-981C-D3163E243B0E}.Release|x64.ActiveCfg = Release|Any CPU
		{A8E26051-25EA-4F2E-981C-D3163E243B0E}.Release|x64.Build.0 = Release|Any CPU
		{A8E26051-25EA-4F2E-981C-D3163E243B0E}.Release|x86.ActiveCfg = Release|Any CPU
		{A8E26051-25EA-4F2E-981C-D3163E243B0E}.Release|x86.Build.0 = Release|Any CPU
		{81ADD989-FF51-490F-B726-2547BF95CFEF}.Debug|Any CPU.ActiveCfg = Debug|Any CPU
		{81ADD989-FF51-490F-B726-2547BF95CFEF}.Debug|Any CPU.Build.0 = Debug|Any CPU
		{81ADD989-FF51-490F-B726-2547BF95CFEF}.Debug|x64.ActiveCfg = Debug|Any CPU
		{81ADD989-FF51-490F-B726-2547BF95CFEF}.Debug|x64.Build.0 = Debug|Any CPU
		{81ADD989-FF51-490F-B726-2547BF95CFEF}.Debug|x86.ActiveCfg = Debug|Any CPU
		{81ADD989-FF51-490F-B726-2547BF95CFEF}.Debug|x86.Build.0 = Debug|Any CPU
		{81ADD989-FF51-490F-B726-2547BF95CFEF}.Release|Any CPU.ActiveCfg = Release|Any CPU
		{81ADD989-FF51-490F-B726-2547BF95CFEF}.Release|Any CPU.Build.0 = Release|Any CPU
		{81ADD989-FF51-490F-B726-2547BF95CFEF}.Release|x64.ActiveCfg = Release|Any CPU
		{81ADD989-FF51-490F-B726-2547BF95CFEF}.Release|x64.Build.0 = Release|Any CPU
		{81ADD989-FF51-490F-B726-2547BF95CFEF}.Release|x86.ActiveCfg = Release|Any CPU
		{81ADD989-FF51-490F-B726-2547BF95CFEF}.Release|x86.Build.0 = Release|Any CPU
		{567E2AA1-16A1-437B-855E-ECC9ADE17049}.Debug|Any CPU.ActiveCfg = Debug|Any CPU
		{567E2AA1-16A1-437B-855E-ECC9ADE17049}.Debug|Any CPU.Build.0 = Debug|Any CPU
		{567E2AA1-16A1-437B-855E-ECC9ADE17049}.Debug|x64.ActiveCfg = Debug|Any CPU
		{567E2AA1-16A1-437B-855E-ECC9ADE17049}.Debug|x64.Build.0 = Debug|Any CPU
		{567E2AA1-16A1-437B-855E-ECC9ADE17049}.Debug|x86.ActiveCfg = Debug|Any CPU
		{567E2AA1-16A1-437B-855E-ECC9ADE17049}.Debug|x86.Build.0 = Debug|Any CPU
		{567E2AA1-16A1-437B-855E-ECC9ADE17049}.Release|Any CPU.ActiveCfg = Release|Any CPU
		{567E2AA1-16A1-437B-855E-ECC9ADE17049}.Release|Any CPU.Build.0 = Release|Any CPU
		{567E2AA1-16A1-437B-855E-ECC9ADE17049}.Release|x64.ActiveCfg = Release|Any CPU
		{567E2AA1-16A1-437B-855E-ECC9ADE17049}.Release|x64.Build.0 = Release|Any CPU
		{567E2AA1-16A1-437B-855E-ECC9ADE17049}.Release|x86.ActiveCfg = Release|Any CPU
		{567E2AA1-16A1-437B-855E-ECC9ADE17049}.Release|x86.Build.0 = Release|Any CPU
		{38B1A830-DEF3-43C0-9CD7-F5CF2F348CC9}.Debug|Any CPU.ActiveCfg = Debug|Any CPU
		{38B1A830-DEF3-43C0-9CD7-F5CF2F348CC9}.Debug|Any CPU.Build.0 = Debug|Any CPU
		{38B1A830-DEF3-43C0-9CD7-F5CF2F348CC9}.Debug|x64.ActiveCfg = Debug|Any CPU
		{38B1A830-DEF3-43C0-9CD7-F5CF2F348CC9}.Debug|x64.Build.0 = Debug|Any CPU
		{38B1A830-DEF3-43C0-9CD7-F5CF2F348CC9}.Debug|x86.ActiveCfg = Debug|Any CPU
		{38B1A830-DEF3-43C0-9CD7-F5CF2F348CC9}.Debug|x86.Build.0 = Debug|Any CPU
		{38B1A830-DEF3-43C0-9CD7-F5CF2F348CC9}.Release|Any CPU.ActiveCfg = Release|Any CPU
		{38B1A830-DEF3-43C0-9CD7-F5CF2F348CC9}.Release|Any CPU.Build.0 = Release|Any CPU
		{38B1A830-DEF3-43C0-9CD7-F5CF2F348CC9}.Release|x64.ActiveCfg = Release|Any CPU
		{38B1A830-DEF3-43C0-9CD7-F5CF2F348CC9}.Release|x64.Build.0 = Release|Any CPU
		{38B1A830-DEF3-43C0-9CD7-F5CF2F348CC9}.Release|x86.ActiveCfg = Release|Any CPU
		{38B1A830-DEF3-43C0-9CD7-F5CF2F348CC9}.Release|x86.Build.0 = Release|Any CPU
		{42D94D46-687F-4AA0-BE9A-5621F1C9C014}.Debug|Any CPU.ActiveCfg = Debug|Any CPU
		{42D94D46-687F-4AA0-BE9A-5621F1C9C014}.Debug|Any CPU.Build.0 = Debug|Any CPU
		{42D94D46-687F-4AA0-BE9A-5621F1C9C014}.Debug|x64.ActiveCfg = Debug|Any CPU
		{42D94D46-687F-4AA0-BE9A-5621F1C9C014}.Debug|x64.Build.0 = Debug|Any CPU
		{42D94D46-687F-4AA0-BE9A-5621F1C9C014}.Debug|x86.ActiveCfg = Debug|Any CPU
		{42D94D46-687F-4AA0-BE9A-5621F1C9C014}.Debug|x86.Build.0 = Debug|Any CPU
		{42D94D46-687F-4AA0-BE9A-5621F1C9C014}.Release|Any CPU.ActiveCfg = Release|Any CPU
		{42D94D46-687F-4AA0-BE9A-5621F1C9C014}.Release|Any CPU.Build.0 = Release|Any CPU
		{42D94D46-687F-4AA0-BE9A-5621F1C9C014}.Release|x64.ActiveCfg = Release|Any CPU
		{42D94D46-687F-4AA0-BE9A-5621F1C9C014}.Release|x64.Build.0 = Release|Any CPU
		{42D94D46-687F-4AA0-BE9A-5621F1C9C014}.Release|x86.ActiveCfg = Release|Any CPU
		{42D94D46-687F-4AA0-BE9A-5621F1C9C014}.Release|x86.Build.0 = Release|Any CPU
		{79F405DB-FD2E-4854-A131-2725A4CAB132}.Debug|Any CPU.ActiveCfg = Debug|Any CPU
		{79F405DB-FD2E-4854-A131-2725A4CAB132}.Debug|Any CPU.Build.0 = Debug|Any CPU
		{79F405DB-FD2E-4854-A131-2725A4CAB132}.Debug|x64.ActiveCfg = Debug|Any CPU
		{79F405DB-FD2E-4854-A131-2725A4CAB132}.Debug|x64.Build.0 = Debug|Any CPU
		{79F405DB-FD2E-4854-A131-2725A4CAB132}.Debug|x86.ActiveCfg = Debug|Any CPU
		{79F405DB-FD2E-4854-A131-2725A4CAB132}.Debug|x86.Build.0 = Debug|Any CPU
		{79F405DB-FD2E-4854-A131-2725A4CAB132}.Release|Any CPU.ActiveCfg = Release|Any CPU
		{79F405DB-FD2E-4854-A131-2725A4CAB132}.Release|Any CPU.Build.0 = Release|Any CPU
		{79F405DB-FD2E-4854-A131-2725A4CAB132}.Release|x64.ActiveCfg = Release|Any CPU
		{79F405DB-FD2E-4854-A131-2725A4CAB132}.Release|x64.Build.0 = Release|Any CPU
		{79F405DB-FD2E-4854-A131-2725A4CAB132}.Release|x86.ActiveCfg = Release|Any CPU
		{79F405DB-FD2E-4854-A131-2725A4CAB132}.Release|x86.Build.0 = Release|Any CPU
		{162446C5-D024-4CEF-A723-6A9C118DC51B}.Debug|Any CPU.ActiveCfg = Debug|Any CPU
		{162446C5-D024-4CEF-A723-6A9C118DC51B}.Debug|Any CPU.Build.0 = Debug|Any CPU
		{162446C5-D024-4CEF-A723-6A9C118DC51B}.Debug|x64.ActiveCfg = Debug|Any CPU
		{162446C5-D024-4CEF-A723-6A9C118DC51B}.Debug|x64.Build.0 = Debug|Any CPU
		{162446C5-D024-4CEF-A723-6A9C118DC51B}.Debug|x86.ActiveCfg = Debug|Any CPU
		{162446C5-D024-4CEF-A723-6A9C118DC51B}.Debug|x86.Build.0 = Debug|Any CPU
		{162446C5-D024-4CEF-A723-6A9C118DC51B}.Release|Any CPU.ActiveCfg = Release|Any CPU
		{162446C5-D024-4CEF-A723-6A9C118DC51B}.Release|Any CPU.Build.0 = Release|Any CPU
		{162446C5-D024-4CEF-A723-6A9C118DC51B}.Release|x64.ActiveCfg = Release|Any CPU
		{162446C5-D024-4CEF-A723-6A9C118DC51B}.Release|x64.Build.0 = Release|Any CPU
		{162446C5-D024-4CEF-A723-6A9C118DC51B}.Release|x86.ActiveCfg = Release|Any CPU
		{162446C5-D024-4CEF-A723-6A9C118DC51B}.Release|x86.Build.0 = Release|Any CPU
		{C1C75274-3ECE-49E6-994E-6073D91C0EC8}.Debug|Any CPU.ActiveCfg = Debug|Any CPU
		{C1C75274-3ECE-49E6-994E-6073D91C0EC8}.Debug|Any CPU.Build.0 = Debug|Any CPU
		{C1C75274-3ECE-49E6-994E-6073D91C0EC8}.Debug|x64.ActiveCfg = Debug|Any CPU
		{C1C75274-3ECE-49E6-994E-6073D91C0EC8}.Debug|x64.Build.0 = Debug|Any CPU
		{C1C75274-3ECE-49E6-994E-6073D91C0EC8}.Debug|x86.ActiveCfg = Debug|Any CPU
		{C1C75274-3ECE-49E6-994E-6073D91C0EC8}.Debug|x86.Build.0 = Debug|Any CPU
		{C1C75274-3ECE-49E6-994E-6073D91C0EC8}.Release|Any CPU.ActiveCfg = Release|Any CPU
		{C1C75274-3ECE-49E6-994E-6073D91C0EC8}.Release|Any CPU.Build.0 = Release|Any CPU
		{C1C75274-3ECE-49E6-994E-6073D91C0EC8}.Release|x64.ActiveCfg = Release|Any CPU
		{C1C75274-3ECE-49E6-994E-6073D91C0EC8}.Release|x64.Build.0 = Release|Any CPU
		{C1C75274-3ECE-49E6-994E-6073D91C0EC8}.Release|x86.ActiveCfg = Release|Any CPU
		{C1C75274-3ECE-49E6-994E-6073D91C0EC8}.Release|x86.Build.0 = Release|Any CPU
		{AF83385E-4154-46A6-98A8-F6459E88FFCD}.Debug|Any CPU.ActiveCfg = Debug|Any CPU
		{AF83385E-4154-46A6-98A8-F6459E88FFCD}.Debug|Any CPU.Build.0 = Debug|Any CPU
		{AF83385E-4154-46A6-98A8-F6459E88FFCD}.Debug|x64.ActiveCfg = Debug|Any CPU
		{AF83385E-4154-46A6-98A8-F6459E88FFCD}.Debug|x64.Build.0 = Debug|Any CPU
		{AF83385E-4154-46A6-98A8-F6459E88FFCD}.Debug|x86.ActiveCfg = Debug|Any CPU
		{AF83385E-4154-46A6-98A8-F6459E88FFCD}.Debug|x86.Build.0 = Debug|Any CPU
		{AF83385E-4154-46A6-98A8-F6459E88FFCD}.Release|Any CPU.ActiveCfg = Release|Any CPU
		{AF83385E-4154-46A6-98A8-F6459E88FFCD}.Release|Any CPU.Build.0 = Release|Any CPU
		{AF83385E-4154-46A6-98A8-F6459E88FFCD}.Release|x64.ActiveCfg = Release|Any CPU
		{AF83385E-4154-46A6-98A8-F6459E88FFCD}.Release|x64.Build.0 = Release|Any CPU
		{AF83385E-4154-46A6-98A8-F6459E88FFCD}.Release|x86.ActiveCfg = Release|Any CPU
		{AF83385E-4154-46A6-98A8-F6459E88FFCD}.Release|x86.Build.0 = Release|Any CPU
		{BE75659C-8550-4406-8852-88EEA6ADE703}.Debug|Any CPU.ActiveCfg = Debug|Any CPU
		{BE75659C-8550-4406-8852-88EEA6ADE703}.Debug|Any CPU.Build.0 = Debug|Any CPU
		{BE75659C-8550-4406-8852-88EEA6ADE703}.Debug|x64.ActiveCfg = Debug|Any CPU
		{BE75659C-8550-4406-8852-88EEA6ADE703}.Debug|x64.Build.0 = Debug|Any CPU
		{BE75659C-8550-4406-8852-88EEA6ADE703}.Debug|x86.ActiveCfg = Debug|Any CPU
		{BE75659C-8550-4406-8852-88EEA6ADE703}.Debug|x86.Build.0 = Debug|Any CPU
		{BE75659C-8550-4406-8852-88EEA6ADE703}.Release|Any CPU.ActiveCfg = Release|Any CPU
		{BE75659C-8550-4406-8852-88EEA6ADE703}.Release|Any CPU.Build.0 = Release|Any CPU
		{BE75659C-8550-4406-8852-88EEA6ADE703}.Release|x64.ActiveCfg = Release|Any CPU
		{BE75659C-8550-4406-8852-88EEA6ADE703}.Release|x64.Build.0 = Release|Any CPU
		{BE75659C-8550-4406-8852-88EEA6ADE703}.Release|x86.ActiveCfg = Release|Any CPU
		{BE75659C-8550-4406-8852-88EEA6ADE703}.Release|x86.Build.0 = Release|Any CPU
		{DA183649-268D-4C6C-A1C3-5C5E7B6548CC}.Debug|Any CPU.ActiveCfg = Debug|Any CPU
		{DA183649-268D-4C6C-A1C3-5C5E7B6548CC}.Debug|Any CPU.Build.0 = Debug|Any CPU
		{DA183649-268D-4C6C-A1C3-5C5E7B6548CC}.Debug|x64.ActiveCfg = Debug|Any CPU
		{DA183649-268D-4C6C-A1C3-5C5E7B6548CC}.Debug|x64.Build.0 = Debug|Any CPU
		{DA183649-268D-4C6C-A1C3-5C5E7B6548CC}.Debug|x86.ActiveCfg = Debug|Any CPU
		{DA183649-268D-4C6C-A1C3-5C5E7B6548CC}.Debug|x86.Build.0 = Debug|Any CPU
		{DA183649-268D-4C6C-A1C3-5C5E7B6548CC}.Release|Any CPU.ActiveCfg = Release|Any CPU
		{DA183649-268D-4C6C-A1C3-5C5E7B6548CC}.Release|Any CPU.Build.0 = Release|Any CPU
		{DA183649-268D-4C6C-A1C3-5C5E7B6548CC}.Release|x64.ActiveCfg = Release|Any CPU
		{DA183649-268D-4C6C-A1C3-5C5E7B6548CC}.Release|x64.Build.0 = Release|Any CPU
		{DA183649-268D-4C6C-A1C3-5C5E7B6548CC}.Release|x86.ActiveCfg = Release|Any CPU
		{DA183649-268D-4C6C-A1C3-5C5E7B6548CC}.Release|x86.Build.0 = Release|Any CPU
		{697EE892-18AB-4674-813F-E28514B8E1C1}.Debug|Any CPU.ActiveCfg = Debug|Any CPU
		{697EE892-18AB-4674-813F-E28514B8E1C1}.Debug|Any CPU.Build.0 = Debug|Any CPU
		{697EE892-18AB-4674-813F-E28514B8E1C1}.Debug|x64.ActiveCfg = Debug|Any CPU
		{697EE892-18AB-4674-813F-E28514B8E1C1}.Debug|x64.Build.0 = Debug|Any CPU
		{697EE892-18AB-4674-813F-E28514B8E1C1}.Debug|x86.ActiveCfg = Debug|Any CPU
		{697EE892-18AB-4674-813F-E28514B8E1C1}.Debug|x86.Build.0 = Debug|Any CPU
		{697EE892-18AB-4674-813F-E28514B8E1C1}.Release|Any CPU.ActiveCfg = Release|Any CPU
		{697EE892-18AB-4674-813F-E28514B8E1C1}.Release|Any CPU.Build.0 = Release|Any CPU
		{697EE892-18AB-4674-813F-E28514B8E1C1}.Release|x64.ActiveCfg = Release|Any CPU
		{697EE892-18AB-4674-813F-E28514B8E1C1}.Release|x64.Build.0 = Release|Any CPU
		{697EE892-18AB-4674-813F-E28514B8E1C1}.Release|x86.ActiveCfg = Release|Any CPU
		{697EE892-18AB-4674-813F-E28514B8E1C1}.Release|x86.Build.0 = Release|Any CPU
		{2DA05EDA-91B3-41C5-8950-DA8BE0D76869}.Debug|Any CPU.ActiveCfg = Debug|Any CPU
		{2DA05EDA-91B3-41C5-8950-DA8BE0D76869}.Debug|Any CPU.Build.0 = Debug|Any CPU
		{2DA05EDA-91B3-41C5-8950-DA8BE0D76869}.Debug|x64.ActiveCfg = Debug|Any CPU
		{2DA05EDA-91B3-41C5-8950-DA8BE0D76869}.Debug|x64.Build.0 = Debug|Any CPU
		{2DA05EDA-91B3-41C5-8950-DA8BE0D76869}.Debug|x86.ActiveCfg = Debug|Any CPU
		{2DA05EDA-91B3-41C5-8950-DA8BE0D76869}.Debug|x86.Build.0 = Debug|Any CPU
		{2DA05EDA-91B3-41C5-8950-DA8BE0D76869}.Release|Any CPU.ActiveCfg = Release|Any CPU
		{2DA05EDA-91B3-41C5-8950-DA8BE0D76869}.Release|Any CPU.Build.0 = Release|Any CPU
		{2DA05EDA-91B3-41C5-8950-DA8BE0D76869}.Release|x64.ActiveCfg = Release|Any CPU
		{2DA05EDA-91B3-41C5-8950-DA8BE0D76869}.Release|x64.Build.0 = Release|Any CPU
		{2DA05EDA-91B3-41C5-8950-DA8BE0D76869}.Release|x86.ActiveCfg = Release|Any CPU
		{2DA05EDA-91B3-41C5-8950-DA8BE0D76869}.Release|x86.Build.0 = Release|Any CPU
		{F3C4D785-A567-4AAE-A500-85D12EF2C8B9}.Debug|Any CPU.ActiveCfg = Debug|Any CPU
		{F3C4D785-A567-4AAE-A500-85D12EF2C8B9}.Debug|Any CPU.Build.0 = Debug|Any CPU
		{F3C4D785-A567-4AAE-A500-85D12EF2C8B9}.Debug|x64.ActiveCfg = Debug|Any CPU
		{F3C4D785-A567-4AAE-A500-85D12EF2C8B9}.Debug|x64.Build.0 = Debug|Any CPU
		{F3C4D785-A567-4AAE-A500-85D12EF2C8B9}.Debug|x86.ActiveCfg = Debug|Any CPU
		{F3C4D785-A567-4AAE-A500-85D12EF2C8B9}.Debug|x86.Build.0 = Debug|Any CPU
		{F3C4D785-A567-4AAE-A500-85D12EF2C8B9}.Release|Any CPU.ActiveCfg = Release|Any CPU
		{F3C4D785-A567-4AAE-A500-85D12EF2C8B9}.Release|Any CPU.Build.0 = Release|Any CPU
		{F3C4D785-A567-4AAE-A500-85D12EF2C8B9}.Release|x64.ActiveCfg = Release|Any CPU
		{F3C4D785-A567-4AAE-A500-85D12EF2C8B9}.Release|x64.Build.0 = Release|Any CPU
		{F3C4D785-A567-4AAE-A500-85D12EF2C8B9}.Release|x86.ActiveCfg = Release|Any CPU
		{F3C4D785-A567-4AAE-A500-85D12EF2C8B9}.Release|x86.Build.0 = Release|Any CPU
		{B2FB7F0A-BC76-4B1E-8CE4-73CC11DD403D}.Debug|Any CPU.ActiveCfg = Debug|Any CPU
		{B2FB7F0A-BC76-4B1E-8CE4-73CC11DD403D}.Debug|Any CPU.Build.0 = Debug|Any CPU
		{B2FB7F0A-BC76-4B1E-8CE4-73CC11DD403D}.Debug|x64.ActiveCfg = Debug|Any CPU
		{B2FB7F0A-BC76-4B1E-8CE4-73CC11DD403D}.Debug|x64.Build.0 = Debug|Any CPU
		{B2FB7F0A-BC76-4B1E-8CE4-73CC11DD403D}.Debug|x86.ActiveCfg = Debug|Any CPU
		{B2FB7F0A-BC76-4B1E-8CE4-73CC11DD403D}.Debug|x86.Build.0 = Debug|Any CPU
		{B2FB7F0A-BC76-4B1E-8CE4-73CC11DD403D}.Release|Any CPU.ActiveCfg = Release|Any CPU
		{B2FB7F0A-BC76-4B1E-8CE4-73CC11DD403D}.Release|Any CPU.Build.0 = Release|Any CPU
		{B2FB7F0A-BC76-4B1E-8CE4-73CC11DD403D}.Release|x64.ActiveCfg = Release|Any CPU
		{B2FB7F0A-BC76-4B1E-8CE4-73CC11DD403D}.Release|x64.Build.0 = Release|Any CPU
		{B2FB7F0A-BC76-4B1E-8CE4-73CC11DD403D}.Release|x86.ActiveCfg = Release|Any CPU
		{B2FB7F0A-BC76-4B1E-8CE4-73CC11DD403D}.Release|x86.Build.0 = Release|Any CPU
	EndGlobalSection
	GlobalSection(SolutionProperties) = preSolution
		HideSolutionNode = FALSE
	EndGlobalSection
	GlobalSection(NestedProjects) = preSolution
		{984BB9B3-3FA3-BE33-9484-CAC21695A33C} = {827E0CD3-B72D-47B6-A68D-7590B98EB39B}
		{51DBC901-42F6-1E5B-8AF0-A5745B1EE8F7} = {984BB9B3-3FA3-BE33-9484-CAC21695A33C}
		{13612CCC-B465-4588-9348-123BBFC8BC33} = {51DBC901-42F6-1E5B-8AF0-A5745B1EE8F7}
		{05038E7D-7AE4-A208-2FFB-F526508B48A8} = {0AB3BF05-4346-4AA6-1389-037BE0695223}
		{B6AFA57F-A963-4F00-8C56-4D0835E635D4} = {05038E7D-7AE4-A208-2FFB-F526508B48A8}
		{57034940-9E97-4E23-A21D-C9CF074CE286} = {51DBC901-42F6-1E5B-8AF0-A5745B1EE8F7}
		{F24C4459-71BD-4D6B-B282-EC6BF9025C82} = {51DBC901-42F6-1E5B-8AF0-A5745B1EE8F7}
		{01071BAD-AAE7-4E9F-BDF6-182DB39A1B41} = {51DBC901-42F6-1E5B-8AF0-A5745B1EE8F7}
		{5F2BAD38-F132-4A57-BCDB-6D99D4142DB8} = {05038E7D-7AE4-A208-2FFB-F526508B48A8}
		{676F60C8-5461-4B10-BEAE-AE64E8B718CE} = {05038E7D-7AE4-A208-2FFB-F526508B48A8}
		{DA0821AE-E6EB-37CD-4B7A-8936146B7071} = {984BB9B3-3FA3-BE33-9484-CAC21695A33C}
		{969A79F4-BE27-4FC8-B66F-8AAB635E89D3} = {DA0821AE-E6EB-37CD-4B7A-8936146B7071}
		{86857EB9-703A-40CC-9181-11054A6EF29E} = {DA0821AE-E6EB-37CD-4B7A-8936146B7071}
		{6E9235A0-543C-411A-9FFB-D46B05A6A375} = {DA0821AE-E6EB-37CD-4B7A-8936146B7071}
		{07B11A4E-ECA0-4AA0-A145-28957078E9B8} = {DA0821AE-E6EB-37CD-4B7A-8936146B7071}
		{51C33D68-FB2D-9BDF-B97B-DDC4FA8F7649} = {0AB3BF05-4346-4AA6-1389-037BE0695223}
		{30A38924-0ED3-4584-8C7A-EE86D17B7500} = {51C33D68-FB2D-9BDF-B97B-DDC4FA8F7649}
		{FD008F04-3A2E-450A-9233-83B83808034A} = {51C33D68-FB2D-9BDF-B97B-DDC4FA8F7649}
		{5B681A08-E267-4D19-9A38-4E804160D60E} = {51C33D68-FB2D-9BDF-B97B-DDC4FA8F7649}
		{6040D727-11D8-0763-249E-D5DF7753C256} = {984BB9B3-3FA3-BE33-9484-CAC21695A33C}
		{5B8D90D4-ED6C-4DD9-9D41-55A6BBD4B98A} = {6040D727-11D8-0763-249E-D5DF7753C256}
		{8B676F07-EF2B-4718-B50E-4B20D9B7A079} = {6040D727-11D8-0763-249E-D5DF7753C256}
		{E4C2C8DF-275C-4199-BD4A-FB22F1C31F6C} = {6040D727-11D8-0763-249E-D5DF7753C256}
		{6BBDAF1F-4541-419F-83AD-115BA35515DE} = {6040D727-11D8-0763-249E-D5DF7753C256}
		{7506CA77-8208-F04B-79DC-FCA4EA9DA912} = {0AB3BF05-4346-4AA6-1389-037BE0695223}
		{664CA58A-ACAB-4FFC-A18C-2A7FF6876F2F} = {7506CA77-8208-F04B-79DC-FCA4EA9DA912}
		{76D7135B-D50E-4CA0-8E8C-AD49E0E74F98} = {7506CA77-8208-F04B-79DC-FCA4EA9DA912}
		{2B12FC14-7850-42A3-B13E-C58211A58618} = {7506CA77-8208-F04B-79DC-FCA4EA9DA912}
		{A8E26051-25EA-4F2E-981C-D3163E243B0E} = {DA0821AE-E6EB-37CD-4B7A-8936146B7071}
		{C13E73B6-616D-3195-CD22-1E55A7D1F969} = {827E0CD3-B72D-47B6-A68D-7590B98EB39B}
		{81ADD989-FF51-490F-B726-2547BF95CFEF} = {C13E73B6-616D-3195-CD22-1E55A7D1F969}
		{567E2AA1-16A1-437B-855E-ECC9ADE17049} = {6040D727-11D8-0763-249E-D5DF7753C256}
		{97A61F50-477F-E0D9-3B49-7788D7707406} = {984BB9B3-3FA3-BE33-9484-CAC21695A33C}
		{38B1A830-DEF3-43C0-9CD7-F5CF2F348CC9} = {97A61F50-477F-E0D9-3B49-7788D7707406}
		{42D94D46-687F-4AA0-BE9A-5621F1C9C014} = {97A61F50-477F-E0D9-3B49-7788D7707406}
		{79F405DB-FD2E-4854-A131-2725A4CAB132} = {97A61F50-477F-E0D9-3B49-7788D7707406}
		{162446C5-D024-4CEF-A723-6A9C118DC51B} = {97A61F50-477F-E0D9-3B49-7788D7707406}
		{C1C75274-3ECE-49E6-994E-6073D91C0EC8} = {019C950E-A97A-051D-A5FC-61C3B8C8F235}
		{46BD22FF-D958-015A-7F5B-8BE19B85700B} = {984BB9B3-3FA3-BE33-9484-CAC21695A33C}
		{AF83385E-4154-46A6-98A8-F6459E88FFCD} = {46BD22FF-D958-015A-7F5B-8BE19B85700B}
		{8D17ABB4-844D-D775-A156-AA3C589CD6E3} = {984BB9B3-3FA3-BE33-9484-CAC21695A33C}
		{BE75659C-8550-4406-8852-88EEA6ADE703} = {8D17ABB4-844D-D775-A156-AA3C589CD6E3}
		{DA183649-268D-4C6C-A1C3-5C5E7B6548CC} = {8D17ABB4-844D-D775-A156-AA3C589CD6E3}
		{697EE892-18AB-4674-813F-E28514B8E1C1} = {46BD22FF-D958-015A-7F5B-8BE19B85700B}
		{2DA05EDA-91B3-41C5-8950-DA8BE0D76869} = {46BD22FF-D958-015A-7F5B-8BE19B85700B}
		{F3C4D785-A567-4AAE-A500-85D12EF2C8B9} = {46BD22FF-D958-015A-7F5B-8BE19B85700B}
		{B2FB7F0A-BC76-4B1E-8CE4-73CC11DD403D} = {46BD22FF-D958-015A-7F5B-8BE19B85700B}
	EndGlobalSection
EndGlobal
